
Microsoft Visual Studio Solution File, Format Version 12.00
# Visual Studio Version 17
VisualStudioVersion = 17.11.35208.52
MinimumVisualStudioVersion = 10.0.40219.1
Project("{FAE04EC0-301F-11D3-BF4B-00C04F79EFBC}") = "userManagement", "userManagement\userManagement.csproj", "{EE6CBA32-4F35-4795-99B0-ECA49DB8D18B}"
EndProject
Global
	GlobalSection(SolutionConfigurationPlatforms) = preSolution
		Debug|Any CPU = Debug|Any CPU
		Release|Any CPU = Release|Any CPU
	EndGlobalSection
	GlobalSection(ProjectConfigurationPlatforms) = postSolution
		{EE6CBA32-4F35-4795-99B0-ECA49DB8D18B}.Debug|Any CPU.ActiveCfg = Debug|Any CPU
		{EE6CBA32-4F35-4795-99B0-ECA49DB8D18B}.Debug|Any CPU.Build.0 = Debug|Any CPU
		{EE6CBA32-4F35-4795-99B0-ECA49DB8D18B}.Release|Any CPU.ActiveCfg = Release|Any CPU
		{EE6CBA32-4F35-4795-99B0-ECA49DB8D18B}.Release|Any CPU.Build.0 = Release|Any CPU
	EndGlobalSection
	GlobalSection(SolutionProperties) = preSolution
		HideSolutionNode = FALSE
	EndGlobalSection
	GlobalSection(ExtensibilityGlobals) = postSolution
		SolutionGuid = {126695C1-0E84-4C2E-AF31-C65FF8939160}
	EndGlobalSection
EndGlobal
